
Microsoft Visual Studio Solution File, Format Version 12.00
# Visual Studio Version 16
VisualStudioVersion = 16.0.30717.126
MinimumVisualStudioVersion = 10.0.40219.1
Project("{FAE04EC0-301F-11D3-BF4B-00C04F79EFBC}") = "HotFix", "HotFix.csproj", "{888A9D5B-5858-49CF-A47B-085E7DD3EE98}"
EndProject
Global
	GlobalSection(SolutionConfigurationPlatforms) = preSolution
		Debug|Any CPU = Debug|Any CPU
		Release|Any CPU = Release|Any CPU
	EndGlobalSection
	GlobalSection(ProjectConfigurationPlatforms) = postSolution
		{888A9D5B-5858-49CF-A47B-085E7DD3EE98}.Debug|Any CPU.ActiveCfg = Debug|Any CPU
		{888A9D5B-5858-49CF-A47B-085E7DD3EE98}.Debug|Any CPU.Build.0 = Debug|Any CPU
		{888A9D5B-5858-49CF-A47B-085E7DD3EE98}.Release|Any CPU.ActiveCfg = Release|Any CPU
		{888A9D5B-5858-49CF-A47B-085E7DD3EE98}.Release|Any CPU.Build.0 = Release|Any CPU
	EndGlobalSection
	GlobalSection(SolutionProperties) = preSolution
		HideSolutionNode = FALSE
	EndGlobalSection
	GlobalSection(ExtensibilityGlobals) = postSolution
		SolutionGuid = {72189624-7BB1-490F-BF8D-7D9F6FCF515D}
	EndGlobalSection
EndGlobal
